{
  "name": "hello-typescript-workspaces",
  "version": "1.0.0",
  "lockfileVersion": 3,
  "requires": true,
  "packages": {
    "": {
      "name": "hello-typescript-workspaces",
      "version": "1.0.0",
      "license": "Apache-2.0",
      "workspaces": [
        "packages/exported-module",
        "packages/a"
      ],
      "devDependencies": {
        "typescript": "^5.6.2"
      }
    },
    "node_modules/a": {
      "resolved": "packages/a",
      "link": true
    },
    "node_modules/exported-module": {
      "resolved": "packages/exported-module",
      "link": true
    },
    "node_modules/typescript": {
      "version": "5.6.2",
      "resolved": "https://registry.npmjs.org/typescript/-/typescript-5.6.2.tgz",
      "integrity": "sha512-NW8ByodCSNCwZeghjN3o+JX5OFH0Ojg6sadjEKY4huZ52TqbJTJnDo5+Tw98lSy63NZvi4n+ez5m2u5d4PkZyw==",
      "dev": true,
      "license": "Apache-2.0",
      "bin": {
        "tsc": "bin/tsc",
        "tsserver": "bin/tsserver"
      },
      "engines": {
        "node": ">=14.17"
      }
    },
    "packages/a": {
      "version": "1.0.0",
      "license": "Apache-2.0",
      "devDependencies": {}
    },
    "packages/exported-module": {
      "version": "1.0.0",
      "license": "Apache-2.0"
    },
    "packages/hello": {
      "version": "1.0.0",
      "extraneous": true,
      "license": "Apache-2.0"
    }
  }
}
